// !$*UTF8*$!
{
	archiveVersion = 1;
	classes = {
	};
	objectVersion = 50;
	objects = {

/* Begin PBXBuildFile section */
		184AE74325070E1200F5B2CC /* SentItemsCollectionViewCell.swift in Sources */ = {isa = PBXBuildFile; fileRef = 184AE74225070E1200F5B2CC /* SentItemsCollectionViewCell.swift */; };
		184AE74525070E5000F5B2CC /* SentItemsCollectionViewController.swift in Sources */ = {isa = PBXBuildFile; fileRef = 184AE74425070E5000F5B2CC /* SentItemsCollectionViewController.swift */; };
		184AE7472507113100F5B2CC /* SentItemsTableViewController.swift in Sources */ = {isa = PBXBuildFile; fileRef = 184AE7462507113100F5B2CC /* SentItemsTableViewController.swift */; };
		1868B6C624FB123900402AAA /* AppDelegate.swift in Sources */ = {isa = PBXBuildFile; fileRef = 1868B6C524FB123900402AAA /* AppDelegate.swift */; };
		1868B6C824FB123900402AAA /* SceneDelegate.swift in Sources */ = {isa = PBXBuildFile; fileRef = 1868B6C724FB123900402AAA /* SceneDelegate.swift */; };
		1868B6CA24FB123900402AAA /* MemeEditorViewController.swift in Sources */ = {isa = PBXBuildFile; fileRef = 1868B6C924FB123900402AAA /* MemeEditorViewController.swift */; };
		1868B6CD24FB123900402AAA /* Main.storyboard in Resources */ = {isa = PBXBuildFile; fileRef = 1868B6CB24FB123900402AAA /* Main.storyboard */; };
		1868B6CF24FB123A00402AAA /* Assets.xcassets in Resources */ = {isa = PBXBuildFile; fileRef = 1868B6CE24FB123A00402AAA /* Assets.xcassets */; };
		1868B6D224FB123A00402AAA /* LaunchScreen.storyboard in Resources */ = {isa = PBXBuildFile; fileRef = 1868B6D024FB123A00402AAA /* LaunchScreen.storyboard */; };
		1868B6DB24FB73B100402AAA /* Meme.swift in Sources */ = {isa = PBXBuildFile; fileRef = 1868B6DA24FB73B100402AAA /* Meme.swift */; };
		187436F6250DDCA100FE739D /* SentItemsTableViewCell.swift in Sources */ = {isa = PBXBuildFile; fileRef = 187436F5250DDCA100FE739D /* SentItemsTableViewCell.swift */; };
/* End PBXBuildFile section */

/* Begin PBXFileReference section */
		184AE74225070E1200F5B2CC /* SentItemsCollectionViewCell.swift */ = {isa = PBXFileReference; lastKnownFileType = sourcecode.swift; path = SentItemsCollectionViewCell.swift; sourceTree = "<group>"; };
		184AE74425070E5000F5B2CC /* SentItemsCollectionViewController.swift */ = {isa = PBXFileReference; lastKnownFileType = sourcecode.swift; path = SentItemsCollectionViewController.swift; sourceTree = "<group>"; };
		184AE7462507113100F5B2CC /* SentItemsTableViewController.swift */ = {isa = PBXFileReference; lastKnownFileType = sourcecode.swift; path = SentItemsTableViewController.swift; sourceTree = "<group>"; };
		1868B6C224FB123900402AAA /* MemeMe.app */ = {isa = PBXFileReference; explicitFileType = wrapper.application; includeInIndex = 0; path = MemeMe.app; sourceTree = BUILT_PRODUCTS_DIR; };
		1868B6C524FB123900402AAA /* AppDelegate.swift */ = {isa = PBXFileReference; lastKnownFileType = sourcecode.swift; path = AppDelegate.swift; sourceTree = "<group>"; };
		1868B6C724FB123900402AAA /* SceneDelegate.swift */ = {isa = PBXFileReference; lastKnownFileType = sourcecode.swift; path = SceneDelegate.swift; sourceTree = "<group>"; };
		1868B6C924FB123900402AAA /* MemeEditorViewController.swift */ = {isa = PBXFileReference; lastKnownFileType = sourcecode.swift; path = MemeEditorViewController.swift; sourceTree = "<group>"; };
		1868B6CC24FB123900402AAA /* Base */ = {isa = PBXFileReference; lastKnownFileType = file.storyboard; name = Base; path = Base.lproj/Main.storyboard; sourceTree = "<group>"; };
		1868B6CE24FB123A00402AAA /* Assets.xcassets */ = {isa = PBXFileReference; lastKnownFileType = folder.assetcatalog; path = Assets.xcassets; sourceTree = "<group>"; };
		1868B6D124FB123A00402AAA /* Base */ = {isa = PBXFileReference; lastKnownFileType = file.storyboard; name = Base; path = Base.lproj/LaunchScreen.storyboard; sourceTree = "<group>"; };
		1868B6D324FB123A00402AAA /* Info.plist */ = {isa = PBXFileReference; lastKnownFileType = text.plist.xml; path = Info.plist; sourceTree = "<group>"; };
		1868B6DA24FB73B100402AAA /* Meme.swift */ = {isa = PBXFileReference; lastKnownFileType = sourcecode.swift; path = Meme.swift; sourceTree = "<group>"; };
		187436F5250DDCA100FE739D /* SentItemsTableViewCell.swift */ = {isa = PBXFileReference; lastKnownFileType = sourcecode.swift; path = SentItemsTableViewCell.swift; sourceTree = "<group>"; };
/* End PBXFileReference section */

/* Begin PBXFrameworksBuildPhase section */
		1868B6BF24FB123900402AAA /* Frameworks */ = {
			isa = PBXFrameworksBuildPhase;
			buildActionMask = 2147483647;
			files = (
			);
			runOnlyForDeploymentPostprocessing = 0;
		};
/* End PBXFrameworksBuildPhase section */

/* Begin PBXGroup section */
		1868B6B924FB123900402AAA = {
			isa = PBXGroup;
			children = (
				1868B6C424FB123900402AAA /* MemeMe */,
				1868B6C324FB123900402AAA /* Products */,
			);
			sourceTree = "<group>";
		};
		1868B6C324FB123900402AAA /* Products */ = {
			isa = PBXGroup;
			children = (
				1868B6C224FB123900402AAA /* MemeMe.app */,
			);
			name = Products;
			sourceTree = "<group>";
		};
		1868B6C424FB123900402AAA /* MemeMe */ = {
			isa = PBXGroup;
			children = (
				1868B6D924FB73A200402AAA /* Model */,
				1868B6C524FB123900402AAA /* AppDelegate.swift */,
				1868B6C724FB123900402AAA /* SceneDelegate.swift */,
				1868B6C924FB123900402AAA /* MemeEditorViewController.swift */,
				184AE7462507113100F5B2CC /* SentItemsTableViewController.swift */,
				187436F5250DDCA100FE739D /* SentItemsTableViewCell.swift */,
				184AE74425070E5000F5B2CC /* SentItemsCollectionViewController.swift */,
				184AE74225070E1200F5B2CC /* SentItemsCollectionViewCell.swift */,
				1868B6CB24FB123900402AAA /* Main.storyboard */,
				1868B6CE24FB123A00402AAA /* Assets.xcassets */,
				1868B6D024FB123A00402AAA /* LaunchScreen.storyboard */,
				1868B6D324FB123A00402AAA /* Info.plist */,
			);
			path = MemeMe;
			sourceTree = "<group>";
		};
		1868B6D924FB73A200402AAA /* Model */ = {
			isa = PBXGroup;
			children = (
				1868B6DA24FB73B100402AAA /* Meme.swift */,
			);
			path = Model;
			sourceTree = "<group>";
		};
/* End PBXGroup section */

/* Begin PBXNativeTarget section */
		1868B6C124FB123900402AAA /* MemeMe */ = {
			isa = PBXNativeTarget;
			buildConfigurationList = 1868B6D624FB123A00402AAA /* Build configuration list for PBXNativeTarget "MemeMe" */;
			buildPhases = (
				1868B6BE24FB123900402AAA /* Sources */,
				1868B6BF24FB123900402AAA /* Frameworks */,
				1868B6C024FB123900402AAA /* Resources */,
			);
			buildRules = (
			);
			dependencies = (
			);
			name = MemeMe;
			productName = MemeMe;
			productReference = 1868B6C224FB123900402AAA /* MemeMe.app */;
			productType = "com.apple.product-type.application";
		};
/* End PBXNativeTarget section */

/* Begin PBXProject section */
		1868B6BA24FB123900402AAA /* Project object */ = {
			isa = PBXProject;
			attributes = {
				LastSwiftUpdateCheck = 1160;
				LastUpgradeCheck = 1160;
				ORGANIZATIONNAME = "Matthias Buehl";
				TargetAttributes = {
					1868B6C124FB123900402AAA = {
						CreatedOnToolsVersion = 11.6;
					};
				};
			};
			buildConfigurationList = 1868B6BD24FB123900402AAA /* Build configuration list for PBXProject "MemeMe" */;
			compatibilityVersion = "Xcode 9.3";
			developmentRegion = en;
			hasScannedForEncodings = 0;
			knownRegions = (
				en,
				Base,
			);
			mainGroup = 1868B6B924FB123900402AAA;
			productRefGroup = 1868B6C324FB123900402AAA /* Products */;
			projectDirPath = "";
			projectRoot = "";
			targets = (
				1868B6C124FB123900402AAA /* MemeMe */,
			);
		};
/* End PBXProject section */

/* Begin PBXResourcesBuildPhase section */
		1868B6C024FB123900402AAA /* Resources */ = {
			isa = PBXResourcesBuildPhase;
			buildActionMask = 2147483647;
			files = (
				1868B6D224FB123A00402AAA /* LaunchScreen.storyboard in Resources */,
				1868B6CF24FB123A00402AAA /* Assets.xcassets in Resources */,
				1868B6CD24FB123900402AAA /* Main.storyboard in Resources */,
			);
			runOnlyForDeploymentPostprocessing = 0;
		};
/* End PBXResourcesBuildPhase section */

/* Begin PBXSourcesBuildPhase section */
		1868B6BE24FB123900402AAA /* Sources */ = {
			isa = PBXSourcesBuildPhase;
			buildActionMask = 2147483647;
			files = (
				1868B6CA24FB123900402AAA /* MemeEditorViewController.swift in Sources */,
				184AE74325070E1200F5B2CC /* SentItemsCollectionViewCell.swift in Sources */,
				1868B6DB24FB73B100402AAA /* Meme.swift in Sources */,
				184AE74525070E5000F5B2CC /* SentItemsCollectionViewController.swift in Sources */,
				1868B6C624FB123900402AAA /* AppDelegate.swift in Sources */,
				184AE7472507113100F5B2CC /* SentItemsTableViewController.swift in Sources */,
				187436F6250DDCA100FE739D /* SentItemsTableViewCell.swift in Sources */,
				1868B6C824FB123900402AAA /* SceneDelegate.swift in Sources */,
			);
			runOnlyForDeploymentPostprocessing = 0;
		};
/* End PBXSourcesBuildPhase section */

/* Begin PBXVariantGroup section */
		1868B6CB24FB123900402AAA /* Main.storyboard */ = {
			isa = PBXVariantGroup;
			children = (
				1868B6CC24FB123900402AAA /* Base */,
			);
			name = Main.storyboard;
			sourceTree = "<group>";
		};
		1868B6D024FB123A00402AAA /* LaunchScreen.storyboard */ = {
			isa = PBXVariantGroup;
			children = (
				1868B6D124FB123A00402AAA /* Base */,
			);
			name = LaunchScreen.storyboard;
			sourceTree = "<group>";
		};
/* End PBXVariantGroup section */

/* Begin XCBuildConfiguration section */
		1868B6D424FB123A00402AAA /* Debug */ = {
			isa = XCBuildConfiguration;
			buildSettings = {
				ALWAYS_SEARCH_USER_PATHS = NO;
				CLANG_ANALYZER_NONNULL = YES;
				CLANG_ANALYZER_NUMBER_OBJECT_CONVERSION = YES_AGGRESSIVE;
				CLANG_CXX_LANGUAGE_STANDARD = "gnu++14";
				CLANG_CXX_LIBRARY = "libc++";
				CLANG_ENABLE_MODULES = YES;
				CLANG_ENABLE_OBJC_ARC = YES;
				CLANG_ENABLE_OBJC_WEAK = YES;
				CLANG_WARN_BLOCK_CAPTURE_AUTORELEASING = YES;
				CLANG_WARN_BOOL_CONVERSION = YES;
				CLANG_WARN_COMMA = YES;
				CLANG_WARN_CONSTANT_CONVERSION = YES;
				CLANG_WARN_DEPRECATED_OBJC_IMPLEMENTATIONS = YES;
				CLANG_WARN_DIRECT_OBJC_ISA_USAGE = YES_ERROR;
				CLANG_WARN_DOCUMENTATION_COMMENTS = YES;
				CLANG_WARN_EMPTY_BODY = YES;
				CLANG_WARN_ENUM_CONVERSION = YES;
				CLANG_WARN_INFINITE_RECURSION = YES;
				CLANG_WARN_INT_CONVERSION = YES;
				CLANG_WARN_NON_LITERAL_NULL_CONVERSION = YES;
				CLANG_WARN_OBJC_IMPLICIT_RETAIN_SELF = YES;
				CLANG_WARN_OBJC_LITERAL_CONVERSION = YES;
				CLANG_WARN_OBJC_ROOT_CLASS = YES_ERROR;
				CLANG_WARN_RANGE_LOOP_ANALYSIS = YES;
				CLANG_WARN_STRICT_PROTOTYPES = YES;
				CLANG_WARN_SUSPICIOUS_MOVE = YES;
				CLANG_WARN_UNGUARDED_AVAILABILITY = YES_AGGRESSIVE;
				CLANG_WARN_UNREACHABLE_CODE = YES;
				CLANG_WARN__DUPLICATE_METHOD_MATCH = YES;
				COPY_PHASE_STRIP = NO;
				DEBUG_INFORMATION_FORMAT = dwarf;
				ENABLE_STRICT_OBJC_MSGSEND = YES;
				ENABLE_TESTABILITY = YES;
				GCC_C_LANGUAGE_STANDARD = gnu11;
				GCC_DYNAMIC_NO_PIC = NO;
				GCC_NO_COMMON_BLOCKS = YES;
				GCC_OPTIMIZATION_LEVEL = 0;
				GCC_PREPROCESSOR_DEFINITIONS = (
					"DEBUG=1",
					"$(inherited)",
				);
				GCC_WARN_64_TO_32_BIT_CONVERSION = YES;
				GCC_WARN_ABOUT_RETURN_TYPE = YES_ERROR;
				GCC_WARN_UNDECLARED_SELECTOR = YES;
				GCC_WARN_UNINITIALIZED_AUTOS = YES_AGGRESSIVE;
				GCC_WARN_UNUSED_FUNCTION = YES;
				GCC_WARN_UNUSED_VARIABLE = YES;
				IPHONEOS_DEPLOYMENT_TARGET = 13.6;
				MTL_ENABLE_DEBUG_INFO = INCLUDE_SOURCE;
				MTL_FAST_MATH = YES;
				ONLY_ACTIVE_ARCH = YES;
				SDKROOT = iphoneos;
				SWIFT_ACTIVE_COMPILATION_CONDITIONS = DEBUG;
				SWIFT_OPTIMIZATION_LEVEL = "-Onone";
			};
			name = Debug;
		};
		1868B6D524FB123A00402AAA /* Release */ = {
			isa = XCBuildConfiguration;
			buildSettings = {
				ALWAYS_SEARCH_USER_PATHS = NO;
				CLANG_ANALYZER_NONNULL = YES;
				CLANG_ANALYZER_NUMBER_OBJECT_CONVERSION = YES_AGGRESSIVE;
				CLANG_CXX_LANGUAGE_STANDARD = "gnu++14";
				CLANG_CXX_LIBRARY = "libc++";
				CLANG_ENABLE_MODULES = YES;
				CLANG_ENABLE_OBJC_ARC = YES;
				CLANG_ENABLE_OBJC_WEAK = YES;
				CLANG_WARN_BLOCK_CAPTURE_AUTORELEASING = YES;
				CLANG_WARN_BOOL_CONVERSION = YES;
				CLANG_WARN_COMMA = YES;
				CLANG_WARN_CONSTANT_CONVERSION = YES;
				CLANG_WARN_DEPRECATED_OBJC_IMPLEMENTATIONS = YES;
				CLANG_WARN_DIRECT_OBJC_ISA_USAGE = YES_ERROR;
				CLANG_WARN_DOCUMENTATION_COMMENTS = YES;
				CLANG_WARN_EMPTY_BODY = YES;
				CLANG_WARN_ENUM_CONVERSION = YES;
				CLANG_WARN_INFINITE_RECURSION = YES;
				CLANG_WARN_INT_CONVERSION = YES;
				CLANG_WARN_NON_LITERAL_NULL_CONVERSION = YES;
				CLANG_WARN_OBJC_IMPLICIT_RETAIN_SELF = YES;
				CLANG_WARN_OBJC_LITERAL_CONVERSION = YES;
				CLANG_WARN_OBJC_ROOT_CLASS = YES_ERROR;
				CLANG_WARN_RANGE_LOOP_ANALYSIS = YES;
				CLANG_WARN_STRICT_PROTOTYPES = YES;
				CLANG_WARN_SUSPICIOUS_MOVE = YES;
				CLANG_WARN_UNGUARDED_AVAILABILITY = YES_AGGRESSIVE;
				CLANG_WARN_UNREACHABLE_CODE = YES;
				CLANG_WARN__DUPLICATE_METHOD_MATCH = YES;
				COPY_PHASE_STRIP = NO;
				DEBUG_INFORMATION_FORMAT = "dwarf-with-dsym";
				ENABLE_NS_ASSERTIONS = NO;
				ENABLE_STRICT_OBJC_MSGSEND = YES;
				GCC_C_LANGUAGE_STANDARD = gnu11;
				GCC_NO_COMMON_BLOCKS = YES;
				GCC_WARN_64_TO_32_BIT_CONVERSION = YES;
				GCC_WARN_ABOUT_RETURN_TYPE = YES_ERROR;
				GCC_WARN_UNDECLARED_SELECTOR = YES;
				GCC_WARN_UNINITIALIZED_AUTOS = YES_AGGRESSIVE;
				GCC_WARN_UNUSED_FUNCTION = YES;
				GCC_WARN_UNUSED_VARIABLE = YES;
				IPHONEOS_DEPLOYMENT_TARGET = 13.6;
				MTL_ENABLE_DEBUG_INFO = NO;
				MTL_FAST_MATH = YES;
				SDKROOT = iphoneos;
				SWIFT_COMPILATION_MODE = wholemodule;
				SWIFT_OPTIMIZATION_LEVEL = "-O";
				VALIDATE_PRODUCT = YES;
			};
			name = Release;
		};
		1868B6D724FB123A00402AAA /* Debug */ = {
			isa = XCBuildConfiguration;
			buildSettings = {
				ASSETCATALOG_COMPILER_APPICON_NAME = AppIcon;
				CODE_SIGN_STYLE = Automatic;
				DEVELOPMENT_TEAM = 7G4VVDTABF;
				INFOPLIST_FILE = MemeMe/Info.plist;
				IPHONEOS_DEPLOYMENT_TARGET = 13.2;
				LD_RUNPATH_SEARCH_PATHS = (
					"$(inherited)",
					"@executable_path/Frameworks",
				);
				PRODUCT_BUNDLE_IDENTIFIER = com.buehl.matthias.MemeMe;
				PRODUCT_NAME = "$(TARGET_NAME)";
				SWIFT_VERSION = 5.0;
				TARGETED_DEVICE_FAMILY = "1,2";
			};
			name = Debug;
		};
		1868B6D824FB123A00402AAA /* Release */ = {
			isa = XCBuildConfiguration;
			buildSettings = {
				ASSETCATALOG_COMPILER_APPICON_NAME = AppIcon;
				CODE_SIGN_STYLE = Automatic;
				DEVELOPMENT_TEAM = 7G4VVDTABF;
				INFOPLIST_FILE = MemeMe/Info.plist;
				IPHONEOS_DEPLOYMENT_TARGET = 13.2;
				LD_RUNPATH_SEARCH_PATHS = (
					"$(inherited)",
					"@executable_path/Frameworks",
				);
				PRODUCT_BUNDLE_IDENTIFIER = com.buehl.matthias.MemeMe;
				PRODUCT_NAME = "$(TARGET_NAME)";
				SWIFT_VERSION = 5.0;
				TARGETED_DEVICE_FAMILY = "1,2";
			};
			name = Release;
		};
/* End XCBuildConfiguration section */

/* Begin XCConfigurationList section */
		1868B6BD24FB123900402AAA /* Build configuration list for PBXProject "MemeMe" */ = {
			isa = XCConfigurationList;
			buildConfigurations = (
				1868B6D424FB123A00402AAA /* Debug */,
				1868B6D524FB123A00402AAA /* Release */,
			);
			defaultConfigurationIsVisible = 0;
			defaultConfigurationName = Release;
		};
		1868B6D624FB123A00402AAA /* Build configuration list for PBXNativeTarget "MemeMe" */ = {
			isa = XCConfigurationList;
			buildConfigurations = (
				1868B6D724FB123A00402AAA /* Debug */,
				1868B6D824FB123A00402AAA /* Release */,
			);
			defaultConfigurationIsVisible = 0;
			defaultConfigurationName = Release;
		};
/* End XCConfigurationList section */
	};
	rootObject = 1868B6BA24FB123900402AAA /* Project object */;
}
